
Microsoft Visual Studio Solution File, Format Version 12.00
# Visual Studio Version 17
VisualStudioVersion = 17.10.34902.84
MinimumVisualStudioVersion = 10.0.40219.1
Project("{2150E333-8FDC-42A3-9474-1A3956D46DE8}") = "Solutions Item", "Solutions Item", "{4511B111-4417-47AE-83C0-FCFA72A08FFD}"
	ProjectSection(SolutionItems) = preProject
		Solutions Item\Directory.Packages.props = Solutions Item\Directory.Packages.props
		Solutions Item\Document.txt = Solutions Item\Document.txt
		Solutions Item\NuGet.config = Solutions Item\NuGet.config
	EndProjectSection
EndProject
Project("{2150E333-8FDC-42A3-9474-1A3956D46DE8}") = "Packages", "Packages", "{775683EB-3E45-428A-8C82-F11873950D83}"
EndProject
Project("{2150E333-8FDC-42A3-9474-1A3956D46DE8}") = "Services", "Services", "{FC4CE5CB-13F5-484B-8E82-B8A000057C4E}"
EndProject
Project("{2150E333-8FDC-42A3-9474-1A3956D46DE8}") = "BasePackage", "BasePackage", "{A10D15F0-A480-4A3E-89F8-56EE762BAA3A}"
EndProject
Project("{2150E333-8FDC-42A3-9474-1A3956D46DE8}") = "StoragePackage", "StoragePackage", "{B1E4E14B-8A75-4CA9-B4B6-77D31AA7E9C2}"
EndProject
Project("{2150E333-8FDC-42A3-9474-1A3956D46DE8}") = "CloudPackage", "CloudPackage", "{5FA5CC0A-A6D7-49CC-9C74-75BC055DCDA7}"
EndProject
Project("{2150E333-8FDC-42A3-9474-1A3956D46DE8}") = "DatabasePackage", "DatabasePackage", "{97C445BB-8C78-4A70-9428-6A9F0E53F62C}"
EndProject
Project("{2150E333-8FDC-42A3-9474-1A3956D46DE8}") = "AWSCloudPackage", "AWSCloudPackage", "{ED64A63F-B9C3-4B3A-8B99-E32D75C52B18}"
EndProject
Project("{2150E333-8FDC-42A3-9474-1A3956D46DE8}") = "AzureCloudPackage", "AzureCloudPackage", "{999EB3CE-F7A8-44F8-85DD-798561C12EA0}"
EndProject
Project("{2150E333-8FDC-42A3-9474-1A3956D46DE8}") = "OtherCloudPackage", "OtherCloudPackage", "{1E08CDCB-C122-4EDF-A82E-5F0B66B75AB4}"
EndProject
Project("{2150E333-8FDC-42A3-9474-1A3956D46DE8}") = "BaseCloudPackage", "BaseCloudPackage", "{213AFB71-C389-4309-810D-8085607FE007}"
EndProject
Project("{2150E333-8FDC-42A3-9474-1A3956D46DE8}") = "IDBPackage", "IDBPackage", "{707EDD7C-1A01-47EF-9D36-03D0E7E77673}"
EndProject
Project("{2150E333-8FDC-42A3-9474-1A3956D46DE8}") = "CachePackage", "CachePackage", "{905FBBA1-0F24-42FC-9711-41D839FFE5F2}"
EndProject
Project("{2150E333-8FDC-42A3-9474-1A3956D46DE8}") = "NoSqlPackage", "NoSqlPackage", "{0605B91F-5440-4E1F-BA4D-5C3328961193}"
EndProject
Project("{2150E333-8FDC-42A3-9474-1A3956D46DE8}") = "SqlPackage", "SqlPackage", "{A2E798FF-2F2B-4EB9-9D43-A9D423010E6E}"
EndProject
Global
	GlobalSection(SolutionProperties) = preSolution
		HideSolutionNode = FALSE
	EndGlobalSection
	GlobalSection(NestedProjects) = preSolution
		{A10D15F0-A480-4A3E-89F8-56EE762BAA3A} = {775683EB-3E45-428A-8C82-F11873950D83}
		{B1E4E14B-8A75-4CA9-B4B6-77D31AA7E9C2} = {775683EB-3E45-428A-8C82-F11873950D83}
		{5FA5CC0A-A6D7-49CC-9C74-75BC055DCDA7} = {775683EB-3E45-428A-8C82-F11873950D83}
		{97C445BB-8C78-4A70-9428-6A9F0E53F62C} = {775683EB-3E45-428A-8C82-F11873950D83}
		{ED64A63F-B9C3-4B3A-8B99-E32D75C52B18} = {5FA5CC0A-A6D7-49CC-9C74-75BC055DCDA7}
		{999EB3CE-F7A8-44F8-85DD-798561C12EA0} = {5FA5CC0A-A6D7-49CC-9C74-75BC055DCDA7}
		{1E08CDCB-C122-4EDF-A82E-5F0B66B75AB4} = {5FA5CC0A-A6D7-49CC-9C74-75BC055DCDA7}
		{213AFB71-C389-4309-810D-8085607FE007} = {5FA5CC0A-A6D7-49CC-9C74-75BC055DCDA7}
		{707EDD7C-1A01-47EF-9D36-03D0E7E77673} = {97C445BB-8C78-4A70-9428-6A9F0E53F62C}
		{905FBBA1-0F24-42FC-9711-41D839FFE5F2} = {97C445BB-8C78-4A70-9428-6A9F0E53F62C}
		{0605B91F-5440-4E1F-BA4D-5C3328961193} = {97C445BB-8C78-4A70-9428-6A9F0E53F62C}
		{A2E798FF-2F2B-4EB9-9D43-A9D423010E6E} = {97C445BB-8C78-4A70-9428-6A9F0E53F62C}
	EndGlobalSection
	GlobalSection(ExtensibilityGlobals) = postSolution
		SolutionGuid = {00D91077-3225-4913-85BD-F374291667F4}
	EndGlobalSection
EndGlobal
