
Microsoft Visual Studio Solution File, Format Version 12.00
# Visual Studio Version 17
VisualStudioVersion = 17.10.34902.84
MinimumVisualStudioVersion = 10.0.40219.1
Project("{2150E333-8FDC-42A3-9474-1A3956D46DE8}") = "Solutions Item", "Solutions Item", "{4511B111-4417-47AE-83C0-FCFA72A08FFD}"
	ProjectSection(SolutionItems) = preProject
		Solutions Item\Document.txt = Solutions Item\Document.txt
	EndProjectSection
EndProject
Project("{2150E333-8FDC-42A3-9474-1A3956D46DE8}") = "Packaged", "Packaged", "{775683EB-3E45-428A-8C82-F11873950D83}"
EndProject
Project("{2150E333-8FDC-42A3-9474-1A3956D46DE8}") = "Services", "Services", "{FC4CE5CB-13F5-484B-8E82-B8A000057C4E}"
EndProject
Project("{2150E333-8FDC-42A3-9474-1A3956D46DE8}") = "BasePackage", "BasePackage", "{A10D15F0-A480-4A3E-89F8-56EE762BAA3A}"
EndProject
Project("{2150E333-8FDC-42A3-9474-1A3956D46DE8}") = "StoragePackage", "StoragePackage", "{B1E4E14B-8A75-4CA9-B4B6-77D31AA7E9C2}"
EndProject
Project("{2150E333-8FDC-42A3-9474-1A3956D46DE8}") = "CloudPackage", "CloudPackage", "{5FA5CC0A-A6D7-49CC-9C74-75BC055DCDA7}"
EndProject
Project("{2150E333-8FDC-42A3-9474-1A3956D46DE8}") = "DatabasePackage", "DatabasePackage", "{97C445BB-8C78-4A70-9428-6A9F0E53F62C}"
EndProject
Project("{2150E333-8FDC-42A3-9474-1A3956D46DE8}") = "AWSCloudPackage", "AWSCloudPackage", "{ED64A63F-B9C3-4B3A-8B99-E32D75C52B18}"
EndProject
Project("{2150E333-8FDC-42A3-9474-1A3956D46DE8}") = "AzureCloudPackage", "AzureCloudPackage", "{999EB3CE-F7A8-44F8-85DD-798561C12EA0}"
EndProject
Project("{2150E333-8FDC-42A3-9474-1A3956D46DE8}") = "OtherCloudPackage", "OtherCloudPackage", "{1E08CDCB-C122-4EDF-A82E-5F0B66B75AB4}"
EndProject
Project("{2150E333-8FDC-42A3-9474-1A3956D46DE8}") = "BaseCloudPackage", "BaseCloudPackage", "{213AFB71-C389-4309-810D-8085607FE007}"
EndProject
Project("{2150E333-8FDC-42A3-9474-1A3956D46DE8}") = "IDBPackage", "IDBPackage", "{707EDD7C-1A01-47EF-9D36-03D0E7E77673}"
EndProject
Project("{2150E333-8FDC-42A3-9474-1A3956D46DE8}") = "CachePackage", "CachePackage", "{905FBBA1-0F24-42FC-9711-41D839FFE5F2}"
EndProject
Project("{2150E333-8FDC-42A3-9474-1A3956D46DE8}") = "NoSqlPackage", "NoSqlPackage", "{0605B91F-5440-4E1F-BA4D-5C3328961193}"
EndProject
Project("{2150E333-8FDC-42A3-9474-1A3956D46DE8}") = "SqlPackage", "SqlPackage", "{A2E798FF-2F2B-4EB9-9D43-A9D423010E6E}"
EndProject
Project("{2150E333-8FDC-42A3-9474-1A3956D46DE8}") = "Basket", "Basket", "{782DD822-E76E-4093-81FA-884CBFA242CD}"
EndProject
Project("{9A19103F-16F7-4668-BE54-9A1E7A4F7556}") = "Base.Behavior", "Packaged\BasePackage\Base.Behavior\Base.Behavior.csproj", "{22CF8C00-7215-411D-B442-5199C6699738}"
EndProject
Project("{9A19103F-16F7-4668-BE54-9A1E7A4F7556}") = "Base.Exceptions", "Packaged\BasePackage\Base.Exceptions\Base.Exceptions.csproj", "{F54E16B8-BC38-4A1E-AA95-ACFE782F5FF3}"
EndProject
Project("{9A19103F-16F7-4668-BE54-9A1E7A4F7556}") = "Base.Extensions", "Packaged\BasePackage\Base.Extensions\Base.Extensions.csproj", "{63F715F9-A561-4ABB-806D-5B5BF5A103CD}"
EndProject
Project("{2150E333-8FDC-42A3-9474-1A3956D46DE8}") = "Catalog", "Catalog", "{D818097F-AEFB-47EF-9803-B7E0B2FB2E7B}"
EndProject
Project("{2150E333-8FDC-42A3-9474-1A3956D46DE8}") = "Discount", "Discount", "{05007AEC-9AF8-41D0-B9C9-17C0E82ECC93}"
EndProject
Project("{2150E333-8FDC-42A3-9474-1A3956D46DE8}") = "Ordering", "Ordering", "{347B0329-E1EA-46A6-9DAE-41FBF3EE40A2}"
EndProject
Project("{9A19103F-16F7-4668-BE54-9A1E7A4F7556}") = "Catalog.API", "Services\Catalog\Catalog.API\Catalog.API.csproj", "{BBC4BD12-2502-44D4-BDB2-2DF6BB2E2C89}"
EndProject
Project("{E53339B2-1760-4266-BCC7-CA923CBCF16C}") = "docker-compose", "docker-compose.dcproj", "{A1F67B58-5104-49A3-854D-E886DD9238A8}"
EndProject
Project("{9A19103F-16F7-4668-BE54-9A1E7A4F7556}") = "Basket.Api", "Services\Basket\Basket.Api\Basket.Api.csproj", "{95BF70D0-A2C0-4578-853B-4D343996A2B5}"
EndProject
Project("{9A19103F-16F7-4668-BE54-9A1E7A4F7556}") = "Base", "Packaged\BasePackage\Base\Base.csproj", "{2A7CF86D-3E27-4BB0-BC71-6B168C26D6D5}"
EndProject
Project("{FAE04EC0-301F-11D3-BF4B-00C04F79EFBC}") = "Discount.Grpc", "Services\Discount\Discount.Grpc\Discount.Grpc.csproj", "{E537BFF2-4A05-4830-ADA6-9059ECCE3685}"
EndProject
Global
	GlobalSection(SolutionConfigurationPlatforms) = preSolution
		Debug|Any CPU = Debug|Any CPU
		Release|Any CPU = Release|Any CPU
	EndGlobalSection
	GlobalSection(ProjectConfigurationPlatforms) = postSolution
		{22CF8C00-7215-411D-B442-5199C6699738}.Debug|Any CPU.ActiveCfg = Debug|Any CPU
		{22CF8C00-7215-411D-B442-5199C6699738}.Debug|Any CPU.Build.0 = Debug|Any CPU
		{22CF8C00-7215-411D-B442-5199C6699738}.Release|Any CPU.ActiveCfg = Release|Any CPU
		{22CF8C00-7215-411D-B442-5199C6699738}.Release|Any CPU.Build.0 = Release|Any CPU
		{F54E16B8-BC38-4A1E-AA95-ACFE782F5FF3}.Debug|Any CPU.ActiveCfg = Debug|Any CPU
		{F54E16B8-BC38-4A1E-AA95-ACFE782F5FF3}.Debug|Any CPU.Build.0 = Debug|Any CPU
		{F54E16B8-BC38-4A1E-AA95-ACFE782F5FF3}.Release|Any CPU.ActiveCfg = Release|Any CPU
		{F54E16B8-BC38-4A1E-AA95-ACFE782F5FF3}.Release|Any CPU.Build.0 = Release|Any CPU
		{63F715F9-A561-4ABB-806D-5B5BF5A103CD}.Debug|Any CPU.ActiveCfg = Debug|Any CPU
		{63F715F9-A561-4ABB-806D-5B5BF5A103CD}.Debug|Any CPU.Build.0 = Debug|Any CPU
		{63F715F9-A561-4ABB-806D-5B5BF5A103CD}.Release|Any CPU.ActiveCfg = Release|Any CPU
		{63F715F9-A561-4ABB-806D-5B5BF5A103CD}.Release|Any CPU.Build.0 = Release|Any CPU
		{BBC4BD12-2502-44D4-BDB2-2DF6BB2E2C89}.Debug|Any CPU.ActiveCfg = Debug|Any CPU
		{BBC4BD12-2502-44D4-BDB2-2DF6BB2E2C89}.Debug|Any CPU.Build.0 = Debug|Any CPU
		{BBC4BD12-2502-44D4-BDB2-2DF6BB2E2C89}.Release|Any CPU.ActiveCfg = Release|Any CPU
		{BBC4BD12-2502-44D4-BDB2-2DF6BB2E2C89}.Release|Any CPU.Build.0 = Release|Any CPU
		{A1F67B58-5104-49A3-854D-E886DD9238A8}.Debug|Any CPU.ActiveCfg = Debug|Any CPU
		{A1F67B58-5104-49A3-854D-E886DD9238A8}.Debug|Any CPU.Build.0 = Debug|Any CPU
		{A1F67B58-5104-49A3-854D-E886DD9238A8}.Release|Any CPU.ActiveCfg = Release|Any CPU
		{A1F67B58-5104-49A3-854D-E886DD9238A8}.Release|Any CPU.Build.0 = Release|Any CPU
		{95BF70D0-A2C0-4578-853B-4D343996A2B5}.Debug|Any CPU.ActiveCfg = Debug|Any CPU
		{95BF70D0-A2C0-4578-853B-4D343996A2B5}.Debug|Any CPU.Build.0 = Debug|Any CPU
		{95BF70D0-A2C0-4578-853B-4D343996A2B5}.Release|Any CPU.ActiveCfg = Release|Any CPU
		{95BF70D0-A2C0-4578-853B-4D343996A2B5}.Release|Any CPU.Build.0 = Release|Any CPU
		{2A7CF86D-3E27-4BB0-BC71-6B168C26D6D5}.Debug|Any CPU.ActiveCfg = Debug|Any CPU
		{2A7CF86D-3E27-4BB0-BC71-6B168C26D6D5}.Debug|Any CPU.Build.0 = Debug|Any CPU
		{2A7CF86D-3E27-4BB0-BC71-6B168C26D6D5}.Release|Any CPU.ActiveCfg = Release|Any CPU
		{2A7CF86D-3E27-4BB0-BC71-6B168C26D6D5}.Release|Any CPU.Build.0 = Release|Any CPU
		{E537BFF2-4A05-4830-ADA6-9059ECCE3685}.Debug|Any CPU.ActiveCfg = Debug|Any CPU
		{E537BFF2-4A05-4830-ADA6-9059ECCE3685}.Debug|Any CPU.Build.0 = Debug|Any CPU
		{E537BFF2-4A05-4830-ADA6-9059ECCE3685}.Release|Any CPU.ActiveCfg = Release|Any CPU
		{E537BFF2-4A05-4830-ADA6-9059ECCE3685}.Release|Any CPU.Build.0 = Release|Any CPU
	EndGlobalSection
	GlobalSection(SolutionProperties) = preSolution
		HideSolutionNode = FALSE
	EndGlobalSection
	GlobalSection(NestedProjects) = preSolution
		{A10D15F0-A480-4A3E-89F8-56EE762BAA3A} = {775683EB-3E45-428A-8C82-F11873950D83}
		{B1E4E14B-8A75-4CA9-B4B6-77D31AA7E9C2} = {775683EB-3E45-428A-8C82-F11873950D83}
		{5FA5CC0A-A6D7-49CC-9C74-75BC055DCDA7} = {775683EB-3E45-428A-8C82-F11873950D83}
		{97C445BB-8C78-4A70-9428-6A9F0E53F62C} = {775683EB-3E45-428A-8C82-F11873950D83}
		{ED64A63F-B9C3-4B3A-8B99-E32D75C52B18} = {5FA5CC0A-A6D7-49CC-9C74-75BC055DCDA7}
		{999EB3CE-F7A8-44F8-85DD-798561C12EA0} = {5FA5CC0A-A6D7-49CC-9C74-75BC055DCDA7}
		{1E08CDCB-C122-4EDF-A82E-5F0B66B75AB4} = {5FA5CC0A-A6D7-49CC-9C74-75BC055DCDA7}
		{213AFB71-C389-4309-810D-8085607FE007} = {5FA5CC0A-A6D7-49CC-9C74-75BC055DCDA7}
		{707EDD7C-1A01-47EF-9D36-03D0E7E77673} = {97C445BB-8C78-4A70-9428-6A9F0E53F62C}
		{905FBBA1-0F24-42FC-9711-41D839FFE5F2} = {97C445BB-8C78-4A70-9428-6A9F0E53F62C}
		{0605B91F-5440-4E1F-BA4D-5C3328961193} = {97C445BB-8C78-4A70-9428-6A9F0E53F62C}
		{A2E798FF-2F2B-4EB9-9D43-A9D423010E6E} = {97C445BB-8C78-4A70-9428-6A9F0E53F62C}
		{782DD822-E76E-4093-81FA-884CBFA242CD} = {FC4CE5CB-13F5-484B-8E82-B8A000057C4E}
		{22CF8C00-7215-411D-B442-5199C6699738} = {A10D15F0-A480-4A3E-89F8-56EE762BAA3A}
		{F54E16B8-BC38-4A1E-AA95-ACFE782F5FF3} = {A10D15F0-A480-4A3E-89F8-56EE762BAA3A}
		{63F715F9-A561-4ABB-806D-5B5BF5A103CD} = {A10D15F0-A480-4A3E-89F8-56EE762BAA3A}
		{D818097F-AEFB-47EF-9803-B7E0B2FB2E7B} = {FC4CE5CB-13F5-484B-8E82-B8A000057C4E}
		{05007AEC-9AF8-41D0-B9C9-17C0E82ECC93} = {FC4CE5CB-13F5-484B-8E82-B8A000057C4E}
		{347B0329-E1EA-46A6-9DAE-41FBF3EE40A2} = {FC4CE5CB-13F5-484B-8E82-B8A000057C4E}
		{BBC4BD12-2502-44D4-BDB2-2DF6BB2E2C89} = {D818097F-AEFB-47EF-9803-B7E0B2FB2E7B}
		{95BF70D0-A2C0-4578-853B-4D343996A2B5} = {782DD822-E76E-4093-81FA-884CBFA242CD}
		{2A7CF86D-3E27-4BB0-BC71-6B168C26D6D5} = {A10D15F0-A480-4A3E-89F8-56EE762BAA3A}
		{E537BFF2-4A05-4830-ADA6-9059ECCE3685} = {05007AEC-9AF8-41D0-B9C9-17C0E82ECC93}
	EndGlobalSection
	GlobalSection(ExtensibilityGlobals) = postSolution
		SolutionGuid = {00D91077-3225-4913-85BD-F374291667F4}
	EndGlobalSection
EndGlobal
